{
  "lockfile_version": "1",
  "packages": {
    "ansible-lint@25.7.0": {
      "last_modified": "2025-08-05T11:35:34Z",
      "resolved": "github:NixOS/nixpkgs/a683adc19ff5228af548c6539dbc3440509bfed3#ansible-lint",
      "source": "devbox-search",
      "version": "25.7.0",
      "systems": {
        "aarch64-darwin": {
          "outputs": [
            {
              "name": "out",
              "path": "/nix/store/z8szx5b950yk449jalvpbxzq6d66jcbm-ansible-lint-25.7.0",
              "default": true
            },
            {
              "name": "dist",
              "path": "/nix/store/f876ybgwqqclrsdn06z4r1p37s9iapqr-ansible-lint-25.7.0-dist"
            }
          ],
          "store_path": "/nix/store/z8szx5b950yk449jalvpbxzq6d66jcbm-ansible-lint-25.7.0"
        },
        "aarch64-linux": {
          "outputs": [
            {
              "name": "out",
              "path": "/nix/store/g2b1gpxw9s1gypr4fgd6cp6nffjl3xsf-ansible-lint-25.7.0",
              "default": true
            },
            {
              "name": "dist",
              "path": "/nix/store/cyg6faiignz7idp7kaawnx5xyzd2j0cm-ansible-lint-25.7.0-dist"
            }
          ],
          "store_path": "/nix/store/g2b1gpxw9s1gypr4fgd6cp6nffjl3xsf-ansible-lint-25.7.0"
        },
        "x86_64-darwin": {
          "outputs": [
            {
              "name": "out",
              "path": "/nix/store/9l09x0gyzj0cy3vpac9lvzs7gnmpjarn-ansible-lint-25.7.0",
              "default": true
            },
            {
              "name": "dist",
              "path": "/nix/store/hqigfa5jmpzplib88v3krmhrq13syw96-ansible-lint-25.7.0-dist"
            }
          ],
          "store_path": "/nix/store/9l09x0gyzj0cy3vpac9lvzs7gnmpjarn-ansible-lint-25.7.0"
        },
        "x86_64-linux": {
          "outputs": [
            {
              "name": "out",
              "path": "/nix/store/79an90mfyf23qvnvc186n55k3r4k1k1f-ansible-lint-25.7.0",
              "default": true
            },
            {
              "name": "dist",
              "path": "/nix/store/9cj2kgh583vyf3p7zp7gay9havk4bra2-ansible-lint-25.7.0-dist"
            }
          ],
          "store_path": "/nix/store/79an90mfyf23qvnvc186n55k3r4k1k1f-ansible-lint-25.7.0"
        }
      }
    },
    "ansible@2.18.6": {
      "last_modified": "2025-05-24T21:46:02Z",
      "resolved": "github:NixOS/nixpkgs/edb3633f9100d9277d1c9af245a4e9337a980c07#ansible",
      "source": "devbox-search",
      "version": "2.18.6",
      "systems": {
        "aarch64-darwin": {
          "outputs": [
            {
              "name": "out",
              "path": "/nix/store/gnls4kcmy9fr5a3x7kqrsqwq2m96rrsg-python3.12-ansible-core-2.18.6",
              "default": true
            },
            {
              "name": "dist",
              "path": "/nix/store/8k2zgmsdlpxk759rxlgfzsqss0gqxhvp-python3.12-ansible-core-2.18.6-dist"
            }
          ],
          "store_path": "/nix/store/gnls4kcmy9fr5a3x7kqrsqwq2m96rrsg-python3.12-ansible-core-2.18.6"
        },
        "aarch64-linux": {
          "outputs": [
            {
              "name": "out",
              "path": "/nix/store/nj97yd3bivyxs5a2j3q9gyg8304av07q-python3.12-ansible-core-2.18.6",
              "default": true
            },
            {
              "name": "dist",
              "path": "/nix/store/m89q34vq01hrd0immb0ibqgln30pg0zs-python3.12-ansible-core-2.18.6-dist"
            }
          ],
          "store_path": "/nix/store/nj97yd3bivyxs5a2j3q9gyg8304av07q-python3.12-ansible-core-2.18.6"
        },
        "x86_64-darwin": {
          "outputs": [
            {
              "name": "out",
              "path": "/nix/store/17x48nrxx7lc60c201bv5kjxw7zvgbzf-python3.12-ansible-core-2.18.6",
              "default": true
            },
            {
              "name": "dist",
              "path": "/nix/store/c9dzvapldzam22w76fxdjqjqmv2vizw8-python3.12-ansible-core-2.18.6-dist"
            }
          ],
          "store_path": "/nix/store/17x48nrxx7lc60c201bv5kjxw7zvgbzf-python3.12-ansible-core-2.18.6"
        },
        "x86_64-linux": {
          "outputs": [
            {
              "name": "out",
              "path": "/nix/store/xpzn3bbrzvqbqnm5bgkwg87v2wcbmyfg-python3.12-ansible-core-2.18.6",
              "default": true
            },
            {
              "name": "dist",
              "path": "/nix/store/04m7w60ygl176rrw3lyj87vsk1zbf0m6-python3.12-ansible-core-2.18.6-dist"
            }
          ],
          "store_path": "/nix/store/xpzn3bbrzvqbqnm5bgkwg87v2wcbmyfg-python3.12-ansible-core-2.18.6"
        }
      }
    },
    "git-crypt@0.7.0": {
      "last_modified": "2024-12-03T12:40:06Z",
      "resolved": "github:NixOS/nixpkgs/566e53c2ad750c84f6d31f9ccb9d00f823165550#git-crypt",
      "source": "devbox-search",
      "version": "0.7.0",
      "systems": {
        "aarch64-darwin": {
          "outputs": [
            {
              "name": "out",
              "path": "/nix/store/r49hhwfzv59xv97wjzxwfndpblgrh4jp-git-crypt-0.7.0",
              "default": true
            }
          ],
          "store_path": "/nix/store/r49hhwfzv59xv97wjzxwfndpblgrh4jp-git-crypt-0.7.0"
        },
        "aarch64-linux": {
          "outputs": [
            {
              "name": "out",
              "path": "/nix/store/ggvfp4ganjvffzy3rr2i60sv8i4dra9k-git-crypt-0.7.0",
              "default": true
            }
          ],
          "store_path": "/nix/store/ggvfp4ganjvffzy3rr2i60sv8i4dra9k-git-crypt-0.7.0"
        },
        "x86_64-darwin": {
          "outputs": [
            {
              "name": "out",
              "path": "/nix/store/58r6pacqgm8ikcncj75p48va24cc8p3m-git-crypt-0.7.0",
              "default": true
            }
          ],
          "store_path": "/nix/store/58r6pacqgm8ikcncj75p48va24cc8p3m-git-crypt-0.7.0"
        },
        "x86_64-linux": {
          "outputs": [
            {
              "name": "out",
              "path": "/nix/store/0pm5nmm6y12zlk8bgb9yx1zq6ij9hdvq-git-crypt-0.7.0",
              "default": true
            }
          ],
          "store_path": "/nix/store/0pm5nmm6y12zlk8bgb9yx1zq6ij9hdvq-git-crypt-0.7.0"
        }
      }
    },
    "github:NixOS/nixpkgs/nixpkgs-unstable": {
      "resolved": "github:NixOS/nixpkgs/80d50fc87924c2a0d346372d242c27973cf8cdbf?lastModified=1750994206&narHash=sha256-3u6rEbIX9CN%2F5A5%2Fmc3u0wIO1geZ0EhjvPBXmRDHqWM%3D"
    },
    "restic@0.18.0": {
      "last_modified": "2025-06-22T15:15:55Z",
      "resolved": "github:NixOS/nixpkgs/3078b9a9e75f1790e6d6ef9955fdc6a2d1740cc6#restic",
      "source": "devbox-search",
      "version": "0.18.0",
      "systems": {
        "aarch64-darwin": {
          "outputs": [
            {
              "name": "out",
              "path": "/nix/store/f2d9navysdxfs1ck44iw3mnchhk1kpq1-restic-0.18.0",
              "default": true
            }
          ],
          "store_path": "/nix/store/f2d9navysdxfs1ck44iw3mnchhk1kpq1-restic-0.18.0"
        },
        "aarch64-linux": {
          "outputs": [
            {
              "name": "out",
              "path": "/nix/store/a251bxd16pr21m5304fm074rbcqr76h2-restic-0.18.0",
              "default": true
            }
          ],
          "store_path": "/nix/store/a251bxd16pr21m5304fm074rbcqr76h2-restic-0.18.0"
        },
        "x86_64-darwin": {
          "outputs": [
            {
              "name": "out",
              "path": "/nix/store/y1b0mzxh9icfad069r7mj5hnwy506v7h-restic-0.18.0",
              "default": true
            }
          ],
          "store_path": "/nix/store/y1b0mzxh9icfad069r7mj5hnwy506v7h-restic-0.18.0"
        },
        "x86_64-linux": {
          "outputs": [
            {
              "name": "out",
              "path": "/nix/store/5x3786f88w2z5p352xyagd9fdz9xwi6p-restic-0.18.0",
              "default": true
            }
          ],
          "store_path": "/nix/store/5x3786f88w2z5p352xyagd9fdz9xwi6p-restic-0.18.0"
        }
      }
    },
    "yq-go@4.45.4": {
      "last_modified": "2025-06-20T02:24:11Z",
      "resolved": "github:NixOS/nixpkgs/076e8c6678d8c54204abcb4b1b14c366835a58bb#yq-go",
      "source": "devbox-search",
      "version": "4.45.4",
      "systems": {
        "aarch64-darwin": {
          "outputs": [
            {
              "name": "out",
              "path": "/nix/store/kqya5knldcrikbrz40pnmknfs3gjkg9w-yq-go-4.45.4",
              "default": true
            }
          ],
          "store_path": "/nix/store/kqya5knldcrikbrz40pnmknfs3gjkg9w-yq-go-4.45.4"
        },
        "aarch64-linux": {
          "outputs": [
            {
              "name": "out",
              "path": "/nix/store/1hmg1i2wmaxfc86wqrb9qsy076a7943j-yq-go-4.45.4",
              "default": true
            }
          ],
          "store_path": "/nix/store/1hmg1i2wmaxfc86wqrb9qsy076a7943j-yq-go-4.45.4"
        },
        "x86_64-darwin": {
          "outputs": [
            {
              "name": "out",
              "path": "/nix/store/icffhhgy7by7fs7crc1wacy035s0lgk7-yq-go-4.45.4",
              "default": true
            }
          ],
          "store_path": "/nix/store/icffhhgy7by7fs7crc1wacy035s0lgk7-yq-go-4.45.4"
        },
        "x86_64-linux": {
          "outputs": [
            {
              "name": "out",
              "path": "/nix/store/hylqws7j7m14xmkalgfxh4y87bvppmfw-yq-go-4.45.4",
              "default": true
            }
          ],
          "store_path": "/nix/store/hylqws7j7m14xmkalgfxh4y87bvppmfw-yq-go-4.45.4"
        }
      }
    }
  }
}
