{
  "lockfile_version": "1",
  "packages": {
    "ansible-lint@24.12.2": {
      "last_modified": "2025-04-17T05:47:26Z",
      "resolved": "github:NixOS/nixpkgs/ebe4301cbd8f81c4f8d3244b3632338bbeb6d49c#ansible-lint",
      "source": "devbox-search",
      "version": "24.12.2",
      "systems": {
        "aarch64-darwin": {
          "outputs": [
            {
              "name": "out",
              "path": "/nix/store/mz6ww19jhj6nxdcx9k3xsmadyqjy5lsb-ansible-lint-24.12.2",
              "default": true
            },
            {
              "name": "dist",
              "path": "/nix/store/176863pl2qkq77di9mmhjc5w75zxl0b2-ansible-lint-24.12.2-dist"
            }
          ],
          "store_path": "/nix/store/mz6ww19jhj6nxdcx9k3xsmadyqjy5lsb-ansible-lint-24.12.2"
        },
        "aarch64-linux": {
          "outputs": [
            {
              "name": "out",
              "path": "/nix/store/0hlj3g921r7dcdp5l9bzv4yr2gd2rhir-ansible-lint-24.12.2",
              "default": true
            },
            {
              "name": "dist",
              "path": "/nix/store/kcr2wplz6r6igmh07r4pmf6iv0ldpvrn-ansible-lint-24.12.2-dist"
            }
          ],
          "store_path": "/nix/store/0hlj3g921r7dcdp5l9bzv4yr2gd2rhir-ansible-lint-24.12.2"
        },
        "x86_64-darwin": {
          "outputs": [
            {
              "name": "out",
              "path": "/nix/store/nwfph1zxgikf58w5npzh5ciw3l4dm7h4-ansible-lint-24.12.2",
              "default": true
            },
            {
              "name": "dist",
              "path": "/nix/store/4ia8702k0ljqy4y03x14rsgir5f921x3-ansible-lint-24.12.2-dist"
            }
          ],
          "store_path": "/nix/store/nwfph1zxgikf58w5npzh5ciw3l4dm7h4-ansible-lint-24.12.2"
        },
        "x86_64-linux": {
          "outputs": [
            {
              "name": "out",
              "path": "/nix/store/fhiksfkzfmyk32nzfnv22qffs3makh44-ansible-lint-24.12.2",
              "default": true
            },
            {
              "name": "dist",
              "path": "/nix/store/ck1a5fp6hawxahb0vqfj8w6bvdpv4ryz-ansible-lint-24.12.2-dist"
            }
          ],
          "store_path": "/nix/store/fhiksfkzfmyk32nzfnv22qffs3makh44-ansible-lint-24.12.2"
        }
      }
    },
    "ansible@2.18.6": {
      "last_modified": "2025-05-24T21:46:02Z",
      "resolved": "github:NixOS/nixpkgs/edb3633f9100d9277d1c9af245a4e9337a980c07#ansible",
      "source": "devbox-search",
      "version": "2.18.6",
      "systems": {
        "aarch64-darwin": {
          "outputs": [
            {
              "name": "out",
              "path": "/nix/store/gnls4kcmy9fr5a3x7kqrsqwq2m96rrsg-python3.12-ansible-core-2.18.6",
              "default": true
            },
            {
              "name": "dist",
              "path": "/nix/store/8k2zgmsdlpxk759rxlgfzsqss0gqxhvp-python3.12-ansible-core-2.18.6-dist"
            }
          ],
          "store_path": "/nix/store/gnls4kcmy9fr5a3x7kqrsqwq2m96rrsg-python3.12-ansible-core-2.18.6"
        },
        "aarch64-linux": {
          "outputs": [
            {
              "name": "out",
              "path": "/nix/store/nj97yd3bivyxs5a2j3q9gyg8304av07q-python3.12-ansible-core-2.18.6",
              "default": true
            },
            {
              "name": "dist",
              "path": "/nix/store/m89q34vq01hrd0immb0ibqgln30pg0zs-python3.12-ansible-core-2.18.6-dist"
            }
          ],
          "store_path": "/nix/store/nj97yd3bivyxs5a2j3q9gyg8304av07q-python3.12-ansible-core-2.18.6"
        },
        "x86_64-darwin": {
          "outputs": [
            {
              "name": "out",
              "path": "/nix/store/17x48nrxx7lc60c201bv5kjxw7zvgbzf-python3.12-ansible-core-2.18.6",
              "default": true
            },
            {
              "name": "dist",
              "path": "/nix/store/c9dzvapldzam22w76fxdjqjqmv2vizw8-python3.12-ansible-core-2.18.6-dist"
            }
          ],
          "store_path": "/nix/store/17x48nrxx7lc60c201bv5kjxw7zvgbzf-python3.12-ansible-core-2.18.6"
        },
        "x86_64-linux": {
          "outputs": [
            {
              "name": "out",
              "path": "/nix/store/xpzn3bbrzvqbqnm5bgkwg87v2wcbmyfg-python3.12-ansible-core-2.18.6",
              "default": true
            },
            {
              "name": "dist",
              "path": "/nix/store/04m7w60ygl176rrw3lyj87vsk1zbf0m6-python3.12-ansible-core-2.18.6-dist"
            }
          ],
          "store_path": "/nix/store/xpzn3bbrzvqbqnm5bgkwg87v2wcbmyfg-python3.12-ansible-core-2.18.6"
        }
      }
    },
    "git-crypt@0.7.0": {
      "last_modified": "2024-12-03T12:40:06Z",
      "resolved": "github:NixOS/nixpkgs/566e53c2ad750c84f6d31f9ccb9d00f823165550#git-crypt",
      "source": "devbox-search",
      "version": "0.7.0",
      "systems": {
        "aarch64-darwin": {
          "outputs": [
            {
              "name": "out",
              "path": "/nix/store/r49hhwfzv59xv97wjzxwfndpblgrh4jp-git-crypt-0.7.0",
              "default": true
            }
          ],
          "store_path": "/nix/store/r49hhwfzv59xv97wjzxwfndpblgrh4jp-git-crypt-0.7.0"
        },
        "aarch64-linux": {
          "outputs": [
            {
              "name": "out",
              "path": "/nix/store/ggvfp4ganjvffzy3rr2i60sv8i4dra9k-git-crypt-0.7.0",
              "default": true
            }
          ],
          "store_path": "/nix/store/ggvfp4ganjvffzy3rr2i60sv8i4dra9k-git-crypt-0.7.0"
        },
        "x86_64-darwin": {
          "outputs": [
            {
              "name": "out",
              "path": "/nix/store/58r6pacqgm8ikcncj75p48va24cc8p3m-git-crypt-0.7.0",
              "default": true
            }
          ],
          "store_path": "/nix/store/58r6pacqgm8ikcncj75p48va24cc8p3m-git-crypt-0.7.0"
        },
        "x86_64-linux": {
          "outputs": [
            {
              "name": "out",
              "path": "/nix/store/0pm5nmm6y12zlk8bgb9yx1zq6ij9hdvq-git-crypt-0.7.0",
              "default": true
            }
          ],
          "store_path": "/nix/store/0pm5nmm6y12zlk8bgb9yx1zq6ij9hdvq-git-crypt-0.7.0"
        }
      }
    },
    "restic@0.17.3": {
      "last_modified": "2024-12-03T12:40:06Z",
      "resolved": "github:NixOS/nixpkgs/566e53c2ad750c84f6d31f9ccb9d00f823165550#restic",
      "source": "devbox-search",
      "version": "0.17.3",
      "systems": {
        "aarch64-darwin": {
          "outputs": [
            {
              "name": "out",
              "path": "/nix/store/rprq7wh4xqbpnqa2xj4mxx61qgq524kr-restic-0.17.3",
              "default": true
            }
          ],
          "store_path": "/nix/store/rprq7wh4xqbpnqa2xj4mxx61qgq524kr-restic-0.17.3"
        },
        "aarch64-linux": {
          "outputs": [
            {
              "name": "out",
              "path": "/nix/store/4r65kaqvfqzz72iq9wwgp9fid32r658x-restic-0.17.3",
              "default": true
            }
          ],
          "store_path": "/nix/store/4r65kaqvfqzz72iq9wwgp9fid32r658x-restic-0.17.3"
        },
        "x86_64-darwin": {
          "outputs": [
            {
              "name": "out",
              "path": "/nix/store/3rjr91y9xx13a9qvmphamk882qalkzcz-restic-0.17.3",
              "default": true
            }
          ],
          "store_path": "/nix/store/3rjr91y9xx13a9qvmphamk882qalkzcz-restic-0.17.3"
        },
        "x86_64-linux": {
          "outputs": [
            {
              "name": "out",
              "path": "/nix/store/bmw7pw429q13qrl77w47kjj8qmxp1fls-restic-0.17.3",
              "default": true
            }
          ],
          "store_path": "/nix/store/bmw7pw429q13qrl77w47kjj8qmxp1fls-restic-0.17.3"
        }
      }
    },
    "yq-go@4.45.1": {
      "last_modified": "2025-05-06T08:06:31Z",
      "resolved": "github:NixOS/nixpkgs/1cb1c02a6b1b7cf67e3d7731cbbf327a53da9679#yq-go",
      "source": "devbox-search",
      "version": "4.45.1",
      "systems": {
        "aarch64-darwin": {
          "outputs": [
            {
              "name": "out",
              "path": "/nix/store/1v5lc37s5sv2c8rvh5yv7l68wvq8500n-yq-go-4.45.1",
              "default": true
            }
          ],
          "store_path": "/nix/store/1v5lc37s5sv2c8rvh5yv7l68wvq8500n-yq-go-4.45.1"
        },
        "aarch64-linux": {
          "outputs": [
            {
              "name": "out",
              "path": "/nix/store/f88aipbirm2pd028mlavnlv02mm1al4i-yq-go-4.45.1",
              "default": true
            }
          ],
          "store_path": "/nix/store/f88aipbirm2pd028mlavnlv02mm1al4i-yq-go-4.45.1"
        },
        "x86_64-darwin": {
          "outputs": [
            {
              "name": "out",
              "path": "/nix/store/plg5xzngdbnwc49m9xsaa1rvi6rprx7i-yq-go-4.45.1",
              "default": true
            }
          ],
          "store_path": "/nix/store/plg5xzngdbnwc49m9xsaa1rvi6rprx7i-yq-go-4.45.1"
        },
        "x86_64-linux": {
          "outputs": [
            {
              "name": "out",
              "path": "/nix/store/jpkvdaxrv564vgyywz44inbqdjfym82b-yq-go-4.45.1",
              "default": true
            }
          ],
          "store_path": "/nix/store/jpkvdaxrv564vgyywz44inbqdjfym82b-yq-go-4.45.1"
        }
      }
    }
  }
}
