{
  "lockfile_version": "1",
  "packages": {
    "git-crypt@0.8.0": {
      "last_modified": "2025-10-07T08:41:47Z",
      "resolved": "github:NixOS/nixpkgs/bce5fe2bb998488d8e7e7856315f90496723793c#git-crypt",
      "source": "devbox-search",
      "version": "0.8.0",
      "systems": {
        "aarch64-darwin": {
          "outputs": [
            {
              "name": "out",
              "path": "/nix/store/b7ay5zv4jkwa09gm8j8j25ki99y225z8-git-crypt-0.8.0",
              "default": true
            }
          ],
          "store_path": "/nix/store/b7ay5zv4jkwa09gm8j8j25ki99y225z8-git-crypt-0.8.0"
        },
        "aarch64-linux": {
          "outputs": [
            {
              "name": "out",
              "path": "/nix/store/ya4rf787glrvcqdwk80mgd0bx942bffr-git-crypt-0.8.0",
              "default": true
            }
          ],
          "store_path": "/nix/store/ya4rf787glrvcqdwk80mgd0bx942bffr-git-crypt-0.8.0"
        },
        "x86_64-darwin": {
          "outputs": [
            {
              "name": "out",
              "path": "/nix/store/5l3xa5s84khz0b8wlvs48d0srnmayhrh-git-crypt-0.8.0",
              "default": true
            }
          ],
          "store_path": "/nix/store/5l3xa5s84khz0b8wlvs48d0srnmayhrh-git-crypt-0.8.0"
        },
        "x86_64-linux": {
          "outputs": [
            {
              "name": "out",
              "path": "/nix/store/acrmlmk7mnb0raah2n2mpvwqjnjhykh9-git-crypt-0.8.0",
              "default": true
            }
          ],
          "store_path": "/nix/store/acrmlmk7mnb0raah2n2mpvwqjnjhykh9-git-crypt-0.8.0"
        }
      }
    },
    "github:NixOS/nixpkgs/nixpkgs-unstable": {
      "resolved": "github:NixOS/nixpkgs/80d50fc87924c2a0d346372d242c27973cf8cdbf?lastModified=1750994206&narHash=sha256-3u6rEbIX9CN%2F5A5%2Fmc3u0wIO1geZ0EhjvPBXmRDHqWM%3D"
    },
    "restic@0.18.0": {
      "last_modified": "2025-06-22T15:15:55Z",
      "resolved": "github:NixOS/nixpkgs/3078b9a9e75f1790e6d6ef9955fdc6a2d1740cc6#restic",
      "source": "devbox-search",
      "version": "0.18.0",
      "systems": {
        "aarch64-darwin": {
          "outputs": [
            {
              "name": "out",
              "path": "/nix/store/f2d9navysdxfs1ck44iw3mnchhk1kpq1-restic-0.18.0",
              "default": true
            }
          ],
          "store_path": "/nix/store/f2d9navysdxfs1ck44iw3mnchhk1kpq1-restic-0.18.0"
        },
        "aarch64-linux": {
          "outputs": [
            {
              "name": "out",
              "path": "/nix/store/a251bxd16pr21m5304fm074rbcqr76h2-restic-0.18.0",
              "default": true
            }
          ],
          "store_path": "/nix/store/a251bxd16pr21m5304fm074rbcqr76h2-restic-0.18.0"
        },
        "x86_64-darwin": {
          "outputs": [
            {
              "name": "out",
              "path": "/nix/store/y1b0mzxh9icfad069r7mj5hnwy506v7h-restic-0.18.0",
              "default": true
            }
          ],
          "store_path": "/nix/store/y1b0mzxh9icfad069r7mj5hnwy506v7h-restic-0.18.0"
        },
        "x86_64-linux": {
          "outputs": [
            {
              "name": "out",
              "path": "/nix/store/5x3786f88w2z5p352xyagd9fdz9xwi6p-restic-0.18.0",
              "default": true
            }
          ],
          "store_path": "/nix/store/5x3786f88w2z5p352xyagd9fdz9xwi6p-restic-0.18.0"
        }
      }
    },
    "yq-go@4.49.2": {
      "last_modified": "2025-11-25T14:41:04Z",
      "resolved": "github:NixOS/nixpkgs/dc205f7b4fdb04c8b7877b43edb7b73be7730081#yq-go",
      "source": "devbox-search",
      "version": "4.49.2",
      "systems": {
        "aarch64-darwin": {
          "outputs": [
            {
              "name": "out",
              "path": "/nix/store/ns352ypll7mdkzjksvjpabcag07cgnig-yq-go-4.49.2",
              "default": true
            }
          ],
          "store_path": "/nix/store/ns352ypll7mdkzjksvjpabcag07cgnig-yq-go-4.49.2"
        },
        "aarch64-linux": {
          "outputs": [
            {
              "name": "out",
              "path": "/nix/store/pq3as14jxf4akw32dd9aj1zjwpb4mxj8-yq-go-4.49.2",
              "default": true
            }
          ],
          "store_path": "/nix/store/pq3as14jxf4akw32dd9aj1zjwpb4mxj8-yq-go-4.49.2"
        },
        "x86_64-darwin": {
          "outputs": [
            {
              "name": "out",
              "path": "/nix/store/vrhj26nn9zhfsv9dkca7igrp3gxn2sh7-yq-go-4.49.2",
              "default": true
            }
          ],
          "store_path": "/nix/store/vrhj26nn9zhfsv9dkca7igrp3gxn2sh7-yq-go-4.49.2"
        },
        "x86_64-linux": {
          "outputs": [
            {
              "name": "out",
              "path": "/nix/store/32jpbsfbd1s6n0aqbpbbm89ch20pwb15-yq-go-4.49.2",
              "default": true
            }
          ],
          "store_path": "/nix/store/32jpbsfbd1s6n0aqbpbbm89ch20pwb15-yq-go-4.49.2"
        }
      }
    }
  }
}
